
Microsoft Visual Studio Solution File, Format Version 12.00
# Visual Studio Version 17
VisualStudioVersion = 17.9.34728.123
MinimumVisualStudioVersion = 10.0.40219.1
Project("{FAE04EC0-301F-11D3-BF4B-00C04F79EFBC}") = "Nabrodov_WPF2", "Nabrodov_WPF2.csproj", "{E5F08587-2CAB-453F-9CED-C9F66FFC2179}"
EndProject
Global
	GlobalSection(SolutionConfigurationPlatforms) = preSolution
		Debug|Any CPU = Debug|Any CPU
		Release|Any CPU = Release|Any CPU
	EndGlobalSection
	GlobalSection(ProjectConfigurationPlatforms) = postSolution
		{E5F08587-2CAB-453F-9CED-C9F66FFC2179}.Debug|Any CPU.ActiveCfg = Debug|Any CPU
		{E5F08587-2CAB-453F-9CED-C9F66FFC2179}.Debug|Any CPU.Build.0 = Debug|Any CPU
		{E5F08587-2CAB-453F-9CED-C9F66FFC2179}.Release|Any CPU.ActiveCfg = Release|Any CPU
		{E5F08587-2CAB-453F-9CED-C9F66FFC2179}.Release|Any CPU.Build.0 = Release|Any CPU
	EndGlobalSection
	GlobalSection(SolutionProperties) = preSolution
		HideSolutionNode = FALSE
	EndGlobalSection
	GlobalSection(ExtensibilityGlobals) = postSolution
		SolutionGuid = {872DBD33-1173-4ED7-B286-7690A7FD3568}
	EndGlobalSection
EndGlobal
