
Microsoft Visual Studio Solution File, Format Version 12.00
# Visual Studio Version 17
VisualStudioVersion = 17.9.34728.123
MinimumVisualStudioVersion = 10.0.40219.1
Project("{FAE04EC0-301F-11D3-BF4B-00C04F79EFBC}") = "nabrodov_shop", "nabrodov_shop\nabrodov_shop.csproj", "{55FC8D48-F87C-49B2-8623-22C1A3371065}"
EndProject
Global
	GlobalSection(SolutionConfigurationPlatforms) = preSolution
		Debug|Any CPU = Debug|Any CPU
		Release|Any CPU = Release|Any CPU
	EndGlobalSection
	GlobalSection(ProjectConfigurationPlatforms) = postSolution
		{55FC8D48-F87C-49B2-8623-22C1A3371065}.Debug|Any CPU.ActiveCfg = Debug|Any CPU
		{55FC8D48-F87C-49B2-8623-22C1A3371065}.Debug|Any CPU.Build.0 = Debug|Any CPU
		{55FC8D48-F87C-49B2-8623-22C1A3371065}.Release|Any CPU.ActiveCfg = Release|Any CPU
		{55FC8D48-F87C-49B2-8623-22C1A3371065}.Release|Any CPU.Build.0 = Release|Any CPU
	EndGlobalSection
	GlobalSection(SolutionProperties) = preSolution
		HideSolutionNode = FALSE
	EndGlobalSection
	GlobalSection(ExtensibilityGlobals) = postSolution
		SolutionGuid = {E67E24F3-9BFD-4C46-B563-F53FF9EF2C24}
	EndGlobalSection
EndGlobal
